// !$*UTF8*$!
{
	archiveVersion = 1;
	classes = {
	};
	objectVersion = 77;
	objects = {

/* Begin PBXBuildFile section */
		3F895D342EB0B1570061F32F /* FirebaseAI in Frameworks */ = {isa = PBXBuildFile; productRef = 3F895D332EB0B1570061F32F /* FirebaseAI */; };
		3F895D362EB0B1570061F32F /* FirebaseAnalytics in Frameworks */ = {isa = PBXBuildFile; productRef = 3F895D352EB0B1570061F32F /* FirebaseAnalytics */; };
		3F895D382EB0B1570061F32F /* FirebaseAnalyticsCore in Frameworks */ = {isa = PBXBuildFile; productRef = 3F895D372EB0B1570061F32F /* FirebaseAnalyticsCore */; };
		3F895D3A2EB0B1570061F32F /* FirebaseAnalyticsIdentitySupport in Frameworks */ = {isa = PBXBuildFile; productRef = 3F895D392EB0B1570061F32F /* FirebaseAnalyticsIdentitySupport */; };
		3F895D3C2EB0B1570061F32F /* FirebaseAuth in Frameworks */ = {isa = PBXBuildFile; productRef = 3F895D3B2EB0B1570061F32F /* FirebaseAuth */; };
		3F895D3E2EB0B1570061F32F /* FirebaseAuthCombine-Community in Frameworks */ = {isa = PBXBuildFile; productRef = 3F895D3D2EB0B1570061F32F /* FirebaseAuthCombine-Community */; };
		3F895D402EB0B1570061F32F /* FirebaseCore in Frameworks */ = {isa = PBXBuildFile; productRef = 3F895D3F2EB0B1570061F32F /* FirebaseCore */; };
		3F895D422EB0B1570061F32F /* FirebaseDatabase in Frameworks */ = {isa = PBXBuildFile; productRef = 3F895D412EB0B1570061F32F /* FirebaseDatabase */; };
		3F895D442EB0B1570061F32F /* FirebaseFirestore in Frameworks */ = {isa = PBXBuildFile; productRef = 3F895D432EB0B1570061F32F /* FirebaseFirestore */; };
		3F895D462EB0B1570061F32F /* FirebaseFirestoreCombine-Community in Frameworks */ = {isa = PBXBuildFile; productRef = 3F895D452EB0B1570061F32F /* FirebaseFirestoreCombine-Community */; };
		3F895D482EB0B1570061F32F /* FirebasePerformance in Frameworks */ = {isa = PBXBuildFile; productRef = 3F895D472EB0B1570061F32F /* FirebasePerformance */; };
		3F895D4A2EB0B1570061F32F /* FirebaseStorage in Frameworks */ = {isa = PBXBuildFile; productRef = 3F895D492EB0B1570061F32F /* FirebaseStorage */; };
		3F895D4C2EB0B1570061F32F /* FirebaseStorageCombine-Community in Frameworks */ = {isa = PBXBuildFile; productRef = 3F895D4B2EB0B1570061F32F /* FirebaseStorageCombine-Community */; };
/* End PBXBuildFile section */

/* Begin PBXFileReference section */
		3F895D222EB07E600061F32F /* Villabroza_Consumerism.app */ = {isa = PBXFileReference; explicitFileType = wrapper.application; includeInIndex = 0; path = Villabroza_Consumerism.app; sourceTree = BUILT_PRODUCTS_DIR; };
/* End PBXFileReference section */

/* Begin PBXFileSystemSynchronizedRootGroup section */
		3F895D242EB07E600061F32F /* Villabroza_Consumerism */ = {
			isa = PBXFileSystemSynchronizedRootGroup;
			path = Villabroza_Consumerism;
			sourceTree = "<group>";
		};
/* End PBXFileSystemSynchronizedRootGroup section */

/* Begin PBXFrameworksBuildPhase section */
		3F895D1F2EB07E600061F32F /* Frameworks */ = {
			isa = PBXFrameworksBuildPhase;
			buildActionMask = 2147483647;
			files = (
				3F895D482EB0B1570061F32F /* FirebasePerformance in Frameworks */,
				3F895D3A2EB0B1570061F32F /* FirebaseAnalyticsIdentitySupport in Frameworks */,
				3F895D3E2EB0B1570061F32F /* FirebaseAuthCombine-Community in Frameworks */,
				3F895D4C2EB0B1570061F32F /* FirebaseStorageCombine-Community in Frameworks */,
				3F895D3C2EB0B1570061F32F /* FirebaseAuth in Frameworks */,
				3F895D462EB0B1570061F32F /* FirebaseFirestoreCombine-Community in Frameworks */,
				3F895D4A2EB0B1570061F32F /* FirebaseStorage in Frameworks */,
				3F895D362EB0B1570061F32F /* FirebaseAnalytics in Frameworks */,
				3F895D402EB0B1570061F32F /* FirebaseCore in Frameworks */,
				3F895D442EB0B1570061F32F /* FirebaseFirestore in Frameworks */,
				3F895D382EB0B1570061F32F /* FirebaseAnalyticsCore in Frameworks */,
				3F895D422EB0B1570061F32F /* FirebaseDatabase in Frameworks */,
				3F895D342EB0B1570061F32F /* FirebaseAI in Frameworks */,
			);
			runOnlyForDeploymentPostprocessing = 0;
		};
/* End PBXFrameworksBuildPhase section */

/* Begin PBXGroup section */
		3F895D192EB07E600061F32F = {
			isa = PBXGroup;
			children = (
				3F895D242EB07E600061F32F /* Villabroza_Consumerism */,
				3F895D232EB07E600061F32F /* Products */,
			);
			sourceTree = "<group>";
		};
		3F895D232EB07E600061F32F /* Products */ = {
			isa = PBXGroup;
			children = (
				3F895D222EB07E600061F32F /* Villabroza_Consumerism.app */,
			);
			name = Products;
			sourceTree = "<group>";
		};
/* End PBXGroup section */

/* Begin PBXNativeTarget section */
		3F895D212EB07E600061F32F /* Villabroza_Consumerism */ = {
			isa = PBXNativeTarget;
			buildConfigurationList = 3F895D2F2EB07E620061F32F /* Build configuration list for PBXNativeTarget "Villabroza_Consumerism" */;
			buildPhases = (
				3F895D1E2EB07E600061F32F /* Sources */,
				3F895D1F2EB07E600061F32F /* Frameworks */,
				3F895D202EB07E600061F32F /* Resources */,
			);
			buildRules = (
			);
			dependencies = (
			);
			fileSystemSynchronizedGroups = (
				3F895D242EB07E600061F32F /* Villabroza_Consumerism */,
			);
			name = Villabroza_Consumerism;
			packageProductDependencies = (
				3F895D332EB0B1570061F32F /* FirebaseAI */,
				3F895D352EB0B1570061F32F /* FirebaseAnalytics */,
				3F895D372EB0B1570061F32F /* FirebaseAnalyticsCore */,
				3F895D392EB0B1570061F32F /* FirebaseAnalyticsIdentitySupport */,
				3F895D3B2EB0B1570061F32F /* FirebaseAuth */,
				3F895D3D2EB0B1570061F32F /* FirebaseAuthCombine-Community */,
				3F895D3F2EB0B1570061F32F /* FirebaseCore */,
				3F895D412EB0B1570061F32F /* FirebaseDatabase */,
				3F895D432EB0B1570061F32F /* FirebaseFirestore */,
				3F895D452EB0B1570061F32F /* FirebaseFirestoreCombine-Community */,
				3F895D472EB0B1570061F32F /* FirebasePerformance */,
				3F895D492EB0B1570061F32F /* FirebaseStorage */,
				3F895D4B2EB0B1570061F32F /* FirebaseStorageCombine-Community */,
			);
			productName = Villabroza_Consumerism;
			productReference = 3F895D222EB07E600061F32F /* Villabroza_Consumerism.app */;
			productType = "com.apple.product-type.application";
		};
/* End PBXNativeTarget section */

/* Begin PBXProject section */
		3F895D1A2EB07E600061F32F /* Project object */ = {
			isa = PBXProject;
			attributes = {
				BuildIndependentTargetsInParallel = 1;
				LastSwiftUpdateCheck = 1640;
				LastUpgradeCheck = 1640;
				TargetAttributes = {
					3F895D212EB07E600061F32F = {
						CreatedOnToolsVersion = 16.4;
					};
				};
			};
			buildConfigurationList = 3F895D1D2EB07E600061F32F /* Build configuration list for PBXProject "Villabroza_Consumerism" */;
			developmentRegion = en;
			hasScannedForEncodings = 0;
			knownRegions = (
				en,
				Base,
			);
			mainGroup = 3F895D192EB07E600061F32F;
			minimizedProjectReferenceProxies = 1;
			packageReferences = (
				3F895D322EB0B1560061F32F /* XCRemoteSwiftPackageReference "firebase-ios-sdk" */,
			);
			preferredProjectObjectVersion = 77;
			productRefGroup = 3F895D232EB07E600061F32F /* Products */;
			projectDirPath = "";
			projectRoot = "";
			targets = (
				3F895D212EB07E600061F32F /* Villabroza_Consumerism */,
			);
		};
/* End PBXProject section */

/* Begin PBXResourcesBuildPhase section */
		3F895D202EB07E600061F32F /* Resources */ = {
			isa = PBXResourcesBuildPhase;
			buildActionMask = 2147483647;
			files = (
			);
			runOnlyForDeploymentPostprocessing = 0;
		};
/* End PBXResourcesBuildPhase section */

/* Begin PBXSourcesBuildPhase section */
		3F895D1E2EB07E600061F32F /* Sources */ = {
			isa = PBXSourcesBuildPhase;
			buildActionMask = 2147483647;
			files = (
			);
			runOnlyForDeploymentPostprocessing = 0;
		};
/* End PBXSourcesBuildPhase section */

/* Begin XCBuildConfiguration section */
		3F895D2D2EB07E620061F32F /* Debug */ = {
			isa = XCBuildConfiguration;
			buildSettings = {
				ALWAYS_SEARCH_USER_PATHS = NO;
				ASSETCATALOG_COMPILER_GENERATE_SWIFT_ASSET_SYMBOL_EXTENSIONS = YES;
				CLANG_ANALYZER_NONNULL = YES;
				CLANG_ANALYZER_NUMBER_OBJECT_CONVERSION = YES_AGGRESSIVE;
				CLANG_CXX_LANGUAGE_STANDARD = "gnu++20";
				CLANG_ENABLE_MODULES = YES;
				CLANG_ENABLE_OBJC_ARC = YES;
				CLANG_ENABLE_OBJC_WEAK = YES;
				CLANG_WARN_BLOCK_CAPTURE_AUTORELEASING = YES;
				CLANG_WARN_BOOL_CONVERSION = YES;
				CLANG_WARN_COMMA = YES;
				CLANG_WARN_CONSTANT_CONVERSION = YES;
				CLANG_WARN_DEPRECATED_OBJC_IMPLEMENTATIONS = YES;
				CLANG_WARN_DIRECT_OBJC_ISA_USAGE = YES_ERROR;
				CLANG_WARN_DOCUMENTATION_COMMENTS = YES;
				CLANG_WARN_EMPTY_BODY = YES;
				CLANG_WARN_ENUM_CONVERSION = YES;
				CLANG_WARN_INFINITE_RECURSION = YES;
				CLANG_WARN_INT_CONVERSION = YES;
				CLANG_WARN_NON_LITERAL_NULL_CONVERSION = YES;
				CLANG_WARN_OBJC_IMPLICIT_RETAIN_SELF = YES;
				CLANG_WARN_OBJC_LITERAL_CONVERSION = YES;
				CLANG_WARN_OBJC_ROOT_CLASS = YES_ERROR;
				CLANG_WARN_QUOTED_INCLUDE_IN_FRAMEWORK_HEADER = YES;
				CLANG_WARN_RANGE_LOOP_ANALYSIS = YES;
				CLANG_WARN_STRICT_PROTOTYPES = YES;
				CLANG_WARN_SUSPICIOUS_MOVE = YES;
				CLANG_WARN_UNGUARDED_AVAILABILITY = YES_AGGRESSIVE;
				CLANG_WARN_UNREACHABLE_CODE = YES;
				CLANG_WARN__DUPLICATE_METHOD_MATCH = YES;
				COPY_PHASE_STRIP = NO;
				DEBUG_INFORMATION_FORMAT = dwarf;
				ENABLE_STRICT_OBJC_MSGSEND = YES;
				ENABLE_TESTABILITY = YES;
				ENABLE_USER_SCRIPT_SANDBOXING = YES;
				GCC_C_LANGUAGE_STANDARD = gnu17;
				GCC_DYNAMIC_NO_PIC = NO;
				GCC_NO_COMMON_BLOCKS = YES;
				GCC_OPTIMIZATION_LEVEL = 0;
				GCC_PREPROCESSOR_DEFINITIONS = (
					"DEBUG=1",
					"$(inherited)",
				);
				GCC_WARN_64_TO_32_BIT_CONVERSION = YES;
				GCC_WARN_ABOUT_RETURN_TYPE = YES_ERROR;
				GCC_WARN_UNDECLARED_SELECTOR = YES;
				GCC_WARN_UNINITIALIZED_AUTOS = YES_AGGRESSIVE;
				GCC_WARN_UNUSED_FUNCTION = YES;
				GCC_WARN_UNUSED_VARIABLE = YES;
				IPHONEOS_DEPLOYMENT_TARGET = 18.5;
				LOCALIZATION_PREFERS_STRING_CATALOGS = YES;
				MTL_ENABLE_DEBUG_INFO = INCLUDE_SOURCE;
				MTL_FAST_MATH = YES;
				ONLY_ACTIVE_ARCH = YES;
				SDKROOT = iphoneos;
				SWIFT_ACTIVE_COMPILATION_CONDITIONS = "DEBUG $(inherited)";
				SWIFT_OPTIMIZATION_LEVEL = "-Onone";
			};
			name = Debug;
		};
		3F895D2E2EB07E620061F32F /* Release */ = {
			isa = XCBuildConfiguration;
			buildSettings = {
				ALWAYS_SEARCH_USER_PATHS = NO;
				ASSETCATALOG_COMPILER_GENERATE_SWIFT_ASSET_SYMBOL_EXTENSIONS = YES;
				CLANG_ANALYZER_NONNULL = YES;
				CLANG_ANALYZER_NUMBER_OBJECT_CONVERSION = YES_AGGRESSIVE;
				CLANG_CXX_LANGUAGE_STANDARD = "gnu++20";
				CLANG_ENABLE_MODULES = YES;
				CLANG_ENABLE_OBJC_ARC = YES;
				CLANG_ENABLE_OBJC_WEAK = YES;
				CLANG_WARN_BLOCK_CAPTURE_AUTORELEASING = YES;
				CLANG_WARN_BOOL_CONVERSION = YES;
				CLANG_WARN_COMMA = YES;
				CLANG_WARN_CONSTANT_CONVERSION = YES;
				CLANG_WARN_DEPRECATED_OBJC_IMPLEMENTATIONS = YES;
				CLANG_WARN_DIRECT_OBJC_ISA_USAGE = YES_ERROR;
				CLANG_WARN_DOCUMENTATION_COMMENTS = YES;
				CLANG_WARN_EMPTY_BODY = YES;
				CLANG_WARN_ENUM_CONVERSION = YES;
				CLANG_WARN_INFINITE_RECURSION = YES;
				CLANG_WARN_INT_CONVERSION = YES;
				CLANG_WARN_NON_LITERAL_NULL_CONVERSION = YES;
				CLANG_WARN_OBJC_IMPLICIT_RETAIN_SELF = YES;
				CLANG_WARN_OBJC_LITERAL_CONVERSION = YES;
				CLANG_WARN_OBJC_ROOT_CLASS = YES_ERROR;
				CLANG_WARN_QUOTED_INCLUDE_IN_FRAMEWORK_HEADER = YES;
				CLANG_WARN_RANGE_LOOP_ANALYSIS = YES;
				CLANG_WARN_STRICT_PROTOTYPES = YES;
				CLANG_WARN_SUSPICIOUS_MOVE = YES;
				CLANG_WARN_UNGUARDED_AVAILABILITY = YES_AGGRESSIVE;
				CLANG_WARN_UNREACHABLE_CODE = YES;
				CLANG_WARN__DUPLICATE_METHOD_MATCH = YES;
				COPY_PHASE_STRIP = NO;
				DEBUG_INFORMATION_FORMAT = "dwarf-with-dsym";
				ENABLE_NS_ASSERTIONS = NO;
				ENABLE_STRICT_OBJC_MSGSEND = YES;
				ENABLE_USER_SCRIPT_SANDBOXING = YES;
				GCC_C_LANGUAGE_STANDARD = gnu17;
				GCC_NO_COMMON_BLOCKS = YES;
				GCC_WARN_64_TO_32_BIT_CONVERSION = YES;
				GCC_WARN_ABOUT_RETURN_TYPE = YES_ERROR;
				GCC_WARN_UNDECLARED_SELECTOR = YES;
				GCC_WARN_UNINITIALIZED_AUTOS = YES_AGGRESSIVE;
				GCC_WARN_UNUSED_FUNCTION = YES;
				GCC_WARN_UNUSED_VARIABLE = YES;
				IPHONEOS_DEPLOYMENT_TARGET = 18.5;
				LOCALIZATION_PREFERS_STRING_CATALOGS = YES;
				MTL_ENABLE_DEBUG_INFO = NO;
				MTL_FAST_MATH = YES;
				SDKROOT = iphoneos;
				SWIFT_COMPILATION_MODE = wholemodule;
				VALIDATE_PRODUCT = YES;
			};
			name = Release;
		};
		3F895D302EB07E620061F32F /* Debug */ = {
			isa = XCBuildConfiguration;
			buildSettings = {
				ASSETCATALOG_COMPILER_APPICON_NAME = AppIcon;
				ASSETCATALOG_COMPILER_GLOBAL_ACCENT_COLOR_NAME = AccentColor;
				CODE_SIGN_STYLE = Automatic;
				CURRENT_PROJECT_VERSION = 1;
				ENABLE_PREVIEWS = YES;
				GENERATE_INFOPLIST_FILE = YES;
				INFOPLIST_KEY_UIApplicationSceneManifest_Generation = YES;
				INFOPLIST_KEY_UIApplicationSupportsIndirectInputEvents = YES;
				INFOPLIST_KEY_UILaunchScreen_Generation = YES;
				INFOPLIST_KEY_UISupportedInterfaceOrientations_iPad = "UIInterfaceOrientationPortrait UIInterfaceOrientationPortraitUpsideDown UIInterfaceOrientationLandscapeLeft UIInterfaceOrientationLandscapeRight";
				INFOPLIST_KEY_UISupportedInterfaceOrientations_iPhone = "UIInterfaceOrientationPortrait UIInterfaceOrientationLandscapeLeft UIInterfaceOrientationLandscapeRight";
				LD_RUNPATH_SEARCH_PATHS = (
					"$(inherited)",
					"@executable_path/Frameworks",
				);
				MARKETING_VERSION = 1.0;
				PRODUCT_BUNDLE_IDENTIFIER = "mseuf.edu.ph.Villabroza-Consumerism";
				PRODUCT_NAME = "$(TARGET_NAME)";
				SWIFT_EMIT_LOC_STRINGS = YES;
				SWIFT_VERSION = 5.0;
				TARGETED_DEVICE_FAMILY = "1,2";
			};
			name = Debug;
		};
		3F895D312EB07E620061F32F /* Release */ = {
			isa = XCBuildConfiguration;
			buildSettings = {
				ASSETCATALOG_COMPILER_APPICON_NAME = AppIcon;
				ASSETCATALOG_COMPILER_GLOBAL_ACCENT_COLOR_NAME = AccentColor;
				CODE_SIGN_STYLE = Automatic;
				CURRENT_PROJECT_VERSION = 1;
				ENABLE_PREVIEWS = YES;
				GENERATE_INFOPLIST_FILE = YES;
				INFOPLIST_KEY_UIApplicationSceneManifest_Generation = YES;
				INFOPLIST_KEY_UIApplicationSupportsIndirectInputEvents = YES;
				INFOPLIST_KEY_UILaunchScreen_Generation = YES;
				INFOPLIST_KEY_UISupportedInterfaceOrientations_iPad = "UIInterfaceOrientationPortrait UIInterfaceOrientationPortraitUpsideDown UIInterfaceOrientationLandscapeLeft UIInterfaceOrientationLandscapeRight";
				INFOPLIST_KEY_UISupportedInterfaceOrientations_iPhone = "UIInterfaceOrientationPortrait UIInterfaceOrientationLandscapeLeft UIInterfaceOrientationLandscapeRight";
				LD_RUNPATH_SEARCH_PATHS = (
					"$(inherited)",
					"@executable_path/Frameworks",
				);
				MARKETING_VERSION = 1.0;
				PRODUCT_BUNDLE_IDENTIFIER = "mseuf.edu.ph.Villabroza-Consumerism";
				PRODUCT_NAME = "$(TARGET_NAME)";
				SWIFT_EMIT_LOC_STRINGS = YES;
				SWIFT_VERSION = 5.0;
				TARGETED_DEVICE_FAMILY = "1,2";
			};
			name = Release;
		};
/* End XCBuildConfiguration section */

/* Begin XCConfigurationList section */
		3F895D1D2EB07E600061F32F /* Build configuration list for PBXProject "Villabroza_Consumerism" */ = {
			isa = XCConfigurationList;
			buildConfigurations = (
				3F895D2D2EB07E620061F32F /* Debug */,
				3F895D2E2EB07E620061F32F /* Release */,
			);
			defaultConfigurationIsVisible = 0;
			defaultConfigurationName = Release;
		};
		3F895D2F2EB07E620061F32F /* Build configuration list for PBXNativeTarget "Villabroza_Consumerism" */ = {
			isa = XCConfigurationList;
			buildConfigurations = (
				3F895D302EB07E620061F32F /* Debug */,
				3F895D312EB07E620061F32F /* Release */,
			);
			defaultConfigurationIsVisible = 0;
			defaultConfigurationName = Release;
		};
/* End XCConfigurationList section */

/* Begin XCRemoteSwiftPackageReference section */
		3F895D322EB0B1560061F32F /* XCRemoteSwiftPackageReference "firebase-ios-sdk" */ = {
			isa = XCRemoteSwiftPackageReference;
			repositoryURL = "https://github.com/firebase/firebase-ios-sdk";
			requirement = {
				kind = upToNextMajorVersion;
				minimumVersion = 12.4.0;
			};
		};
/* End XCRemoteSwiftPackageReference section */

/* Begin XCSwiftPackageProductDependency section */
		3F895D332EB0B1570061F32F /* FirebaseAI */ = {
			isa = XCSwiftPackageProductDependency;
			package = 3F895D322EB0B1560061F32F /* XCRemoteSwiftPackageReference "firebase-ios-sdk" */;
			productName = FirebaseAI;
		};
		3F895D352EB0B1570061F32F /* FirebaseAnalytics */ = {
			isa = XCSwiftPackageProductDependency;
			package = 3F895D322EB0B1560061F32F /* XCRemoteSwiftPackageReference "firebase-ios-sdk" */;
			productName = FirebaseAnalytics;
		};
		3F895D372EB0B1570061F32F /* FirebaseAnalyticsCore */ = {
			isa = XCSwiftPackageProductDependency;
			package = 3F895D322EB0B1560061F32F /* XCRemoteSwiftPackageReference "firebase-ios-sdk" */;
			productName = FirebaseAnalyticsCore;
		};
		3F895D392EB0B1570061F32F /* FirebaseAnalyticsIdentitySupport */ = {
			isa = XCSwiftPackageProductDependency;
			package = 3F895D322EB0B1560061F32F /* XCRemoteSwiftPackageReference "firebase-ios-sdk" */;
			productName = FirebaseAnalyticsIdentitySupport;
		};
		3F895D3B2EB0B1570061F32F /* FirebaseAuth */ = {
			isa = XCSwiftPackageProductDependency;
			package = 3F895D322EB0B1560061F32F /* XCRemoteSwiftPackageReference "firebase-ios-sdk" */;
			productName = FirebaseAuth;
		};
		3F895D3D2EB0B1570061F32F /* FirebaseAuthCombine-Community */ = {
			isa = XCSwiftPackageProductDependency;
			package = 3F895D322EB0B1560061F32F /* XCRemoteSwiftPackageReference "firebase-ios-sdk" */;
			productName = "FirebaseAuthCombine-Community";
		};
		3F895D3F2EB0B1570061F32F /* FirebaseCore */ = {
			isa = XCSwiftPackageProductDependency;
			package = 3F895D322EB0B1560061F32F /* XCRemoteSwiftPackageReference "firebase-ios-sdk" */;
			productName = FirebaseCore;
		};
		3F895D412EB0B1570061F32F /* FirebaseDatabase */ = {
			isa = XCSwiftPackageProductDependency;
			package = 3F895D322EB0B1560061F32F /* XCRemoteSwiftPackageReference "firebase-ios-sdk" */;
			productName = FirebaseDatabase;
		};
		3F895D432EB0B1570061F32F /* FirebaseFirestore */ = {
			isa = XCSwiftPackageProductDependency;
			package = 3F895D322EB0B1560061F32F /* XCRemoteSwiftPackageReference "firebase-ios-sdk" */;
			productName = FirebaseFirestore;
		};
		3F895D452EB0B1570061F32F /* FirebaseFirestoreCombine-Community */ = {
			isa = XCSwiftPackageProductDependency;
			package = 3F895D322EB0B1560061F32F /* XCRemoteSwiftPackageReference "firebase-ios-sdk" */;
			productName = "FirebaseFirestoreCombine-Community";
		};
		3F895D472EB0B1570061F32F /* FirebasePerformance */ = {
			isa = XCSwiftPackageProductDependency;
			package = 3F895D322EB0B1560061F32F /* XCRemoteSwiftPackageReference "firebase-ios-sdk" */;
			productName = FirebasePerformance;
		};
		3F895D492EB0B1570061F32F /* FirebaseStorage */ = {
			isa = XCSwiftPackageProductDependency;
			package = 3F895D322EB0B1560061F32F /* XCRemoteSwiftPackageReference "firebase-ios-sdk" */;
			productName = FirebaseStorage;
		};
		3F895D4B2EB0B1570061F32F /* FirebaseStorageCombine-Community */ = {
			isa = XCSwiftPackageProductDependency;
			package = 3F895D322EB0B1560061F32F /* XCRemoteSwiftPackageReference "firebase-ios-sdk" */;
			productName = "FirebaseStorageCombine-Community";
		};
/* End XCSwiftPackageProductDependency section */
	};
	rootObject = 3F895D1A2EB07E600061F32F /* Project object */;
}
